
Microsoft Visual Studio Solution File, Format Version 12.00
# Visual Studio Version 17
VisualStudioVersion = 17.9.34902.65
MinimumVisualStudioVersion = 10.0.40219.1
Project("{FAE04EC0-301F-11D3-BF4B-00C04F79EFBC}") = "myWebApplication", "myWebApplication.csproj", "{411A8757-1884-466A-B858-3414E019D9E5}"
EndProject
Global
	GlobalSection(SolutionConfigurationPlatforms) = preSolution
		Debug|Any CPU = Debug|Any CPU
		Release|Any CPU = Release|Any CPU
	EndGlobalSection
	GlobalSection(ProjectConfigurationPlatforms) = postSolution
		{411A8757-1884-466A-B858-3414E019D9E5}.Debug|Any CPU.ActiveCfg = Debug|Any CPU
		{411A8757-1884-466A-B858-3414E019D9E5}.Debug|Any CPU.Build.0 = Debug|Any CPU
		{411A8757-1884-466A-B858-3414E019D9E5}.Release|Any CPU.ActiveCfg = Release|Any CPU
		{411A8757-1884-466A-B858-3414E019D9E5}.Release|Any CPU.Build.0 = Release|Any CPU
	EndGlobalSection
	GlobalSection(SolutionProperties) = preSolution
		HideSolutionNode = FALSE
	EndGlobalSection
	GlobalSection(ExtensibilityGlobals) = postSolution
		SolutionGuid = {9BFA4DC7-800E-4AF9-B09D-E874BAF6841E}
	EndGlobalSection
EndGlobal
